
Microsoft Visual Studio Solution File, Format Version 12.00
# Visual Studio 15
VisualStudioVersion = 15.0.28307.757
MinimumVisualStudioVersion = 10.0.40219.1
Project("{8BC9CEB8-8B4A-11D0-8D11-00A0C91BC942}") = "ClassAdapter", "ClassAdapter\ClassAdapter.vcxproj", "{E9F220E5-EBC7-40D9-A239-B36376BB3CB2}"
EndProject
Global
	GlobalSection(SolutionConfigurationPlatforms) = preSolution
		Debug|x64 = Debug|x64
		Debug|x86 = Debug|x86
		Release|x64 = Release|x64
		Release|x86 = Release|x86
	EndGlobalSection
	GlobalSection(ProjectConfigurationPlatforms) = postSolution
		{E9F220E5-EBC7-40D9-A239-B36376BB3CB2}.Debug|x64.ActiveCfg = Debug|x64
		{E9F220E5-EBC7-40D9-A239-B36376BB3CB2}.Debug|x64.Build.0 = Debug|x64
		{E9F220E5-EBC7-40D9-A239-B36376BB3CB2}.Debug|x86.ActiveCfg = Debug|Win32
		{E9F220E5-EBC7-40D9-A239-B36376BB3CB2}.Debug|x86.Build.0 = Debug|Win32
		{E9F220E5-EBC7-40D9-A239-B36376BB3CB2}.Release|x64.ActiveCfg = Release|x64
		{E9F220E5-EBC7-40D9-A239-B36376BB3CB2}.Release|x64.Build.0 = Release|x64
		{E9F220E5-EBC7-40D9-A239-B36376BB3CB2}.Release|x86.ActiveCfg = Release|Win32
		{E9F220E5-EBC7-40D9-A239-B36376BB3CB2}.Release|x86.Build.0 = Release|Win32
	EndGlobalSection
	GlobalSection(SolutionProperties) = preSolution
		HideSolutionNode = FALSE
	EndGlobalSection
	GlobalSection(ExtensibilityGlobals) = postSolution
		SolutionGuid = {FF0D4B33-5773-434C-92BA-89BACF5033D0}
	EndGlobalSection
EndGlobal
