
Microsoft Visual Studio Solution File, Format Version 12.00
# Visual Studio 15
VisualStudioVersion = 15.0.28307.757
MinimumVisualStudioVersion = 10.0.40219.1
Project("{8BC9CEB8-8B4A-11D0-8D11-00A0C91BC942}") = "Flyweight", "Flyweight\Flyweight.vcxproj", "{CF834BE1-E586-4742-A6AE-F6203F166904}"
EndProject
Global
	GlobalSection(SolutionConfigurationPlatforms) = preSolution
		Debug|x64 = Debug|x64
		Debug|x86 = Debug|x86
		Release|x64 = Release|x64
		Release|x86 = Release|x86
	EndGlobalSection
	GlobalSection(ProjectConfigurationPlatforms) = postSolution
		{CF834BE1-E586-4742-A6AE-F6203F166904}.Debug|x64.ActiveCfg = Debug|x64
		{CF834BE1-E586-4742-A6AE-F6203F166904}.Debug|x64.Build.0 = Debug|x64
		{CF834BE1-E586-4742-A6AE-F6203F166904}.Debug|x86.ActiveCfg = Debug|Win32
		{CF834BE1-E586-4742-A6AE-F6203F166904}.Debug|x86.Build.0 = Debug|Win32
		{CF834BE1-E586-4742-A6AE-F6203F166904}.Release|x64.ActiveCfg = Release|x64
		{CF834BE1-E586-4742-A6AE-F6203F166904}.Release|x64.Build.0 = Release|x64
		{CF834BE1-E586-4742-A6AE-F6203F166904}.Release|x86.ActiveCfg = Release|Win32
		{CF834BE1-E586-4742-A6AE-F6203F166904}.Release|x86.Build.0 = Release|Win32
	EndGlobalSection
	GlobalSection(SolutionProperties) = preSolution
		HideSolutionNode = FALSE
	EndGlobalSection
	GlobalSection(ExtensibilityGlobals) = postSolution
		SolutionGuid = {C366E6E0-3F2C-42D2-8050-729DE6FDD493}
	EndGlobalSection
EndGlobal
