
Microsoft Visual Studio Solution File, Format Version 12.00
# Visual Studio 15
VisualStudioVersion = 15.0.28307.757
MinimumVisualStudioVersion = 10.0.40219.1
Project("{8BC9CEB8-8B4A-11D0-8D11-00A0C91BC942}") = "Proxy", "Proxy\Proxy.vcxproj", "{6122EA38-87E3-43A9-B4E4-7CF30C0BEBBB}"
EndProject
Global
	GlobalSection(SolutionConfigurationPlatforms) = preSolution
		Debug|x64 = Debug|x64
		Debug|x86 = Debug|x86
		Release|x64 = Release|x64
		Release|x86 = Release|x86
	EndGlobalSection
	GlobalSection(ProjectConfigurationPlatforms) = postSolution
		{6122EA38-87E3-43A9-B4E4-7CF30C0BEBBB}.Debug|x64.ActiveCfg = Debug|x64
		{6122EA38-87E3-43A9-B4E4-7CF30C0BEBBB}.Debug|x64.Build.0 = Debug|x64
		{6122EA38-87E3-43A9-B4E4-7CF30C0BEBBB}.Debug|x86.ActiveCfg = Debug|Win32
		{6122EA38-87E3-43A9-B4E4-7CF30C0BEBBB}.Debug|x86.Build.0 = Debug|Win32
		{6122EA38-87E3-43A9-B4E4-7CF30C0BEBBB}.Release|x64.ActiveCfg = Release|x64
		{6122EA38-87E3-43A9-B4E4-7CF30C0BEBBB}.Release|x64.Build.0 = Release|x64
		{6122EA38-87E3-43A9-B4E4-7CF30C0BEBBB}.Release|x86.ActiveCfg = Release|Win32
		{6122EA38-87E3-43A9-B4E4-7CF30C0BEBBB}.Release|x86.Build.0 = Release|Win32
	EndGlobalSection
	GlobalSection(SolutionProperties) = preSolution
		HideSolutionNode = FALSE
	EndGlobalSection
	GlobalSection(ExtensibilityGlobals) = postSolution
		SolutionGuid = {FDF7148A-6076-4ACD-84D4-DB3A46FB191E}
	EndGlobalSection
EndGlobal
