
Microsoft Visual Studio Solution File, Format Version 12.00
# Visual Studio 15
VisualStudioVersion = 15.0.28307.757
MinimumVisualStudioVersion = 10.0.40219.1
Project("{8BC9CEB8-8B4A-11D0-8D11-00A0C91BC942}") = "Composite", "Composite\Composite.vcxproj", "{FD3CD237-C193-4992-AA7A-5882188F4F0D}"
EndProject
Global
	GlobalSection(SolutionConfigurationPlatforms) = preSolution
		Debug|x64 = Debug|x64
		Debug|x86 = Debug|x86
		Release|x64 = Release|x64
		Release|x86 = Release|x86
	EndGlobalSection
	GlobalSection(ProjectConfigurationPlatforms) = postSolution
		{FD3CD237-C193-4992-AA7A-5882188F4F0D}.Debug|x64.ActiveCfg = Debug|x64
		{FD3CD237-C193-4992-AA7A-5882188F4F0D}.Debug|x64.Build.0 = Debug|x64
		{FD3CD237-C193-4992-AA7A-5882188F4F0D}.Debug|x86.ActiveCfg = Debug|Win32
		{FD3CD237-C193-4992-AA7A-5882188F4F0D}.Debug|x86.Build.0 = Debug|Win32
		{FD3CD237-C193-4992-AA7A-5882188F4F0D}.Release|x64.ActiveCfg = Release|x64
		{FD3CD237-C193-4992-AA7A-5882188F4F0D}.Release|x64.Build.0 = Release|x64
		{FD3CD237-C193-4992-AA7A-5882188F4F0D}.Release|x86.ActiveCfg = Release|Win32
		{FD3CD237-C193-4992-AA7A-5882188F4F0D}.Release|x86.Build.0 = Release|Win32
	EndGlobalSection
	GlobalSection(SolutionProperties) = preSolution
		HideSolutionNode = FALSE
	EndGlobalSection
	GlobalSection(ExtensibilityGlobals) = postSolution
		SolutionGuid = {99239AA6-F158-4510-887E-04D6E4DEFAC1}
	EndGlobalSection
EndGlobal
